
Microsoft Visual Studio Solution File, Format Version 12.00
# Visual Studio Version 17
VisualStudioVersion = 17.5.002.0
MinimumVisualStudioVersion = 10.0.40219.1
Project("{2150E333-8FDC-42A3-9474-1A3956D46DE8}") = "GuidedProject", "GuidedProject", "{B0D72798-9048-40CF-B5A7-F447E8EB013A}"
EndProject
Project("{9A19103F-16F7-4668-BE54-9A1E7A4F7556}") = "Final", "GuidedProject\Final\Final.csproj", "{3C0D1A75-1475-4414-922A-77E104A609EC}"
EndProject
Project("{9A19103F-16F7-4668-BE54-9A1E7A4F7556}") = "Starter", "GuidedProject\Starter\Starter.csproj", "{A500EDB0-1A5F-4302-9F07-B9B636879443}"
EndProject
Global
	GlobalSection(SolutionConfigurationPlatforms) = preSolution
		Debug|Any CPU = Debug|Any CPU
		Release|Any CPU = Release|Any CPU
	EndGlobalSection
	GlobalSection(ProjectConfigurationPlatforms) = postSolution
		{3C0D1A75-1475-4414-922A-77E104A609EC}.Debug|Any CPU.ActiveCfg = Debug|Any CPU
		{3C0D1A75-1475-4414-922A-77E104A609EC}.Debug|Any CPU.Build.0 = Debug|Any CPU
		{3C0D1A75-1475-4414-922A-77E104A609EC}.Release|Any CPU.ActiveCfg = Release|Any CPU
		{3C0D1A75-1475-4414-922A-77E104A609EC}.Release|Any CPU.Build.0 = Release|Any CPU
		{A500EDB0-1A5F-4302-9F07-B9B636879443}.Debug|Any CPU.ActiveCfg = Debug|Any CPU
		{A500EDB0-1A5F-4302-9F07-B9B636879443}.Debug|Any CPU.Build.0 = Debug|Any CPU
		{A500EDB0-1A5F-4302-9F07-B9B636879443}.Release|Any CPU.ActiveCfg = Release|Any CPU
		{A500EDB0-1A5F-4302-9F07-B9B636879443}.Release|Any CPU.Build.0 = Release|Any CPU
	EndGlobalSection
	GlobalSection(SolutionProperties) = preSolution
		HideSolutionNode = FALSE
	EndGlobalSection
	GlobalSection(NestedProjects) = preSolution
		{3C0D1A75-1475-4414-922A-77E104A609EC} = {B0D72798-9048-40CF-B5A7-F447E8EB013A}
		{A500EDB0-1A5F-4302-9F07-B9B636879443} = {B0D72798-9048-40CF-B5A7-F447E8EB013A}
	EndGlobalSection
	GlobalSection(ExtensibilityGlobals) = postSolution
		SolutionGuid = {C0792ADD-9945-416F-ADA5-7C2E5A46E658}
	EndGlobalSection
EndGlobal
